// !$*UTF8*$!
{
	archiveVersion = 1;
	classes = {
	};
	objectVersion = 50;
	objects = {

/* Begin PBXBuildFile section */
		FC0FF635246DE4E3006616F9 /* AppDelegate.swift in Sources */ = {isa = PBXBuildFile; fileRef = FC0FF634246DE4E3006616F9 /* AppDelegate.swift */; };
		FC0FF637246DE4E3006616F9 /* SceneDelegate.swift in Sources */ = {isa = PBXBuildFile; fileRef = FC0FF636246DE4E3006616F9 /* SceneDelegate.swift */; };
		FC0FF639246DE4E3006616F9 /* ViewController.swift in Sources */ = {isa = PBXBuildFile; fileRef = FC0FF638246DE4E3006616F9 /* ViewController.swift */; };
		FC0FF63C246DE4E3006616F9 /* Main.storyboard in Resources */ = {isa = PBXBuildFile; fileRef = FC0FF63A246DE4E3006616F9 /* Main.storyboard */; };
		FC0FF63E246DE4E5006616F9 /* Assets.xcassets in Resources */ = {isa = PBXBuildFile; fileRef = FC0FF63D246DE4E5006616F9 /* Assets.xcassets */; };
		FC0FF641246DE4E5006616F9 /* LaunchScreen.storyboard in Resources */ = {isa = PBXBuildFile; fileRef = FC0FF63F246DE4E5006616F9 /* LaunchScreen.storyboard */; };
/* End PBXBuildFile section */

/* Begin PBXFileReference section */
		FC0FF631246DE4E3006616F9 /* DrawPrizes.app */ = {isa = PBXFileReference; explicitFileType = wrapper.application; includeInIndex = 0; path = DrawPrizes.app; sourceTree = BUILT_PRODUCTS_DIR; };
		FC0FF634246DE4E3006616F9 /* AppDelegate.swift */ = {isa = PBXFileReference; lastKnownFileType = sourcecode.swift; path = AppDelegate.swift; sourceTree = "<group>"; };
		FC0FF636246DE4E3006616F9 /* SceneDelegate.swift */ = {isa = PBXFileReference; lastKnownFileType = sourcecode.swift; path = SceneDelegate.swift; sourceTree = "<group>"; };
		FC0FF638246DE4E3006616F9 /* ViewController.swift */ = {isa = PBXFileReference; lastKnownFileType = sourcecode.swift; path = ViewController.swift; sourceTree = "<group>"; };
		FC0FF63B246DE4E3006616F9 /* Base */ = {isa = PBXFileReference; lastKnownFileType = file.storyboard; name = Base; path = Base.lproj/Main.storyboard; sourceTree = "<group>"; };
		FC0FF63D246DE4E5006616F9 /* Assets.xcassets */ = {isa = PBXFileReference; lastKnownFileType = folder.assetcatalog; path = Assets.xcassets; sourceTree = "<group>"; };
		FC0FF640246DE4E5006616F9 /* Base */ = {isa = PBXFileReference; lastKnownFileType = file.storyboard; name = Base; path = Base.lproj/LaunchScreen.storyboard; sourceTree = "<group>"; };
		FC0FF642246DE4E5006616F9 /* Info.plist */ = {isa = PBXFileReference; lastKnownFileType = text.plist.xml; path = Info.plist; sourceTree = "<group>"; };
/* End PBXFileReference section */

/* Begin PBXFrameworksBuildPhase section */
		FC0FF62E246DE4E3006616F9 /* Frameworks */ = {
			isa = PBXFrameworksBuildPhase;
			buildActionMask = 2147483647;
			files = (
			);
			runOnlyForDeploymentPostprocessing = 0;
		};
/* End PBXFrameworksBuildPhase section */

/* Begin PBXGroup section */
		FC0FF628246DE4E3006616F9 = {
			isa = PBXGroup;
			children = (
				FC0FF633246DE4E3006616F9 /* DrawPrizes */,
				FC0FF632246DE4E3006616F9 /* Products */,
			);
			sourceTree = "<group>";
		};
		FC0FF632246DE4E3006616F9 /* Products */ = {
			isa = PBXGroup;
			children = (
				FC0FF631246DE4E3006616F9 /* DrawPrizes.app */,
			);
			name = Products;
			sourceTree = "<group>";
		};
		FC0FF633246DE4E3006616F9 /* DrawPrizes */ = {
			isa = PBXGroup;
			children = (
				FC0FF634246DE4E3006616F9 /* AppDelegate.swift */,
				FC0FF636246DE4E3006616F9 /* SceneDelegate.swift */,
				FC0FF638246DE4E3006616F9 /* ViewController.swift */,
				FC0FF63A246DE4E3006616F9 /* Main.storyboard */,
				FC0FF63D246DE4E5006616F9 /* Assets.xcassets */,
				FC0FF63F246DE4E5006616F9 /* LaunchScreen.storyboard */,
				FC0FF642246DE4E5006616F9 /* Info.plist */,
			);
			path = DrawPrizes;
			sourceTree = "<group>";
		};
/* End PBXGroup section */

/* Begin PBXNativeTarget section */
		FC0FF630246DE4E3006616F9 /* DrawPrizes */ = {
			isa = PBXNativeTarget;
			buildConfigurationList = FC0FF645246DE4E5006616F9 /* Build configuration list for PBXNativeTarget "DrawPrizes" */;
			buildPhases = (
				FC0FF62D246DE4E3006616F9 /* Sources */,
				FC0FF62E246DE4E3006616F9 /* Frameworks */,
				FC0FF62F246DE4E3006616F9 /* Resources */,
			);
			buildRules = (
			);
			dependencies = (
			);
			name = DrawPrizes;
			productName = DrawPrizes;
			productReference = FC0FF631246DE4E3006616F9 /* DrawPrizes.app */;
			productType = "com.apple.product-type.application";
		};
/* End PBXNativeTarget section */

/* Begin PBXProject section */
		FC0FF629246DE4E3006616F9 /* Project object */ = {
			isa = PBXProject;
			attributes = {
				LastSwiftUpdateCheck = 1140;
				LastUpgradeCheck = 1140;
				ORGANIZATIONNAME = "Rafael Cunha de Oliveira";
				TargetAttributes = {
					FC0FF630246DE4E3006616F9 = {
						CreatedOnToolsVersion = 11.4.1;
					};
				};
			};
			buildConfigurationList = FC0FF62C246DE4E3006616F9 /* Build configuration list for PBXProject "DrawPrizes" */;
			compatibilityVersion = "Xcode 9.3";
			developmentRegion = en;
			hasScannedForEncodings = 0;
			knownRegions = (
				en,
				Base,
			);
			mainGroup = FC0FF628246DE4E3006616F9;
			productRefGroup = FC0FF632246DE4E3006616F9 /* Products */;
			projectDirPath = "";
			projectRoot = "";
			targets = (
				FC0FF630246DE4E3006616F9 /* DrawPrizes */,
			);
		};
/* End PBXProject section */

/* Begin PBXResourcesBuildPhase section */
		FC0FF62F246DE4E3006616F9 /* Resources */ = {
			isa = PBXResourcesBuildPhase;
			buildActionMask = 2147483647;
			files = (
				FC0FF641246DE4E5006616F9 /* LaunchScreen.storyboard in Resources */,
				FC0FF63E246DE4E5006616F9 /* Assets.xcassets in Resources */,
				FC0FF63C246DE4E3006616F9 /* Main.storyboard in Resources */,
			);
			runOnlyForDeploymentPostprocessing = 0;
		};
/* End PBXResourcesBuildPhase section */

/* Begin PBXSourcesBuildPhase section */
		FC0FF62D246DE4E3006616F9 /* Sources */ = {
			isa = PBXSourcesBuildPhase;
			buildActionMask = 2147483647;
			files = (
				FC0FF639246DE4E3006616F9 /* ViewController.swift in Sources */,
				FC0FF635246DE4E3006616F9 /* AppDelegate.swift in Sources */,
				FC0FF637246DE4E3006616F9 /* SceneDelegate.swift in Sources */,
			);
			runOnlyForDeploymentPostprocessing = 0;
		};
/* End PBXSourcesBuildPhase section */

/* Begin PBXVariantGroup section */
		FC0FF63A246DE4E3006616F9 /* Main.storyboard */ = {
			isa = PBXVariantGroup;
			children = (
				FC0FF63B246DE4E3006616F9 /* Base */,
			);
			name = Main.storyboard;
			sourceTree = "<group>";
		};
		FC0FF63F246DE4E5006616F9 /* LaunchScreen.storyboard */ = {
			isa = PBXVariantGroup;
			children = (
				FC0FF640246DE4E5006616F9 /* Base */,
			);
			name = LaunchScreen.storyboard;
			sourceTree = "<group>";
		};
/* End PBXVariantGroup section */

/* Begin XCBuildConfiguration section */
		FC0FF643246DE4E5006616F9 /* Debug */ = {
			isa = XCBuildConfiguration;
			buildSettings = {
				ALWAYS_SEARCH_USER_PATHS = NO;
				CLANG_ANALYZER_NONNULL = YES;
				CLANG_ANALYZER_NUMBER_OBJECT_CONVERSION = YES_AGGRESSIVE;
				CLANG_CXX_LANGUAGE_STANDARD = "gnu++14";
				CLANG_CXX_LIBRARY = "libc++";
				CLANG_ENABLE_MODULES = YES;
				CLANG_ENABLE_OBJC_ARC = YES;
				CLANG_ENABLE_OBJC_WEAK = YES;
				CLANG_WARN_BLOCK_CAPTURE_AUTORELEASING = YES;
				CLANG_WARN_BOOL_CONVERSION = YES;
				CLANG_WARN_COMMA = YES;
				CLANG_WARN_CONSTANT_CONVERSION = YES;
				CLANG_WARN_DEPRECATED_OBJC_IMPLEMENTATIONS = YES;
				CLANG_WARN_DIRECT_OBJC_ISA_USAGE = YES_ERROR;
				CLANG_WARN_DOCUMENTATION_COMMENTS = YES;
				CLANG_WARN_EMPTY_BODY = YES;
				CLANG_WARN_ENUM_CONVERSION = YES;
				CLANG_WARN_INFINITE_RECURSION = YES;
				CLANG_WARN_INT_CONVERSION = YES;
				CLANG_WARN_NON_LITERAL_NULL_CONVERSION = YES;
				CLANG_WARN_OBJC_IMPLICIT_RETAIN_SELF = YES;
				CLANG_WARN_OBJC_LITERAL_CONVERSION = YES;
				CLANG_WARN_OBJC_ROOT_CLASS = YES_ERROR;
				CLANG_WARN_RANGE_LOOP_ANALYSIS = YES;
				CLANG_WARN_STRICT_PROTOTYPES = YES;
				CLANG_WARN_SUSPICIOUS_MOVE = YES;
				CLANG_WARN_UNGUARDED_AVAILABILITY = YES_AGGRESSIVE;
				CLANG_WARN_UNREACHABLE_CODE = YES;
				CLANG_WARN__DUPLICATE_METHOD_MATCH = YES;
				COPY_PHASE_STRIP = NO;
				DEBUG_INFORMATION_FORMAT = dwarf;
				ENABLE_STRICT_OBJC_MSGSEND = YES;
				ENABLE_TESTABILITY = YES;
				GCC_C_LANGUAGE_STANDARD = gnu11;
				GCC_DYNAMIC_NO_PIC = NO;
				GCC_NO_COMMON_BLOCKS = YES;
				GCC_OPTIMIZATION_LEVEL = 0;
				GCC_PREPROCESSOR_DEFINITIONS = (
					"DEBUG=1",
					"$(inherited)",
				);
				GCC_WARN_64_TO_32_BIT_CONVERSION = YES;
				GCC_WARN_ABOUT_RETURN_TYPE = YES_ERROR;
				GCC_WARN_UNDECLARED_SELECTOR = YES;
				GCC_WARN_UNINITIALIZED_AUTOS = YES_AGGRESSIVE;
				GCC_WARN_UNUSED_FUNCTION = YES;
				GCC_WARN_UNUSED_VARIABLE = YES;
				IPHONEOS_DEPLOYMENT_TARGET = 13.4;
				MTL_ENABLE_DEBUG_INFO = INCLUDE_SOURCE;
				MTL_FAST_MATH = YES;
				ONLY_ACTIVE_ARCH = YES;
				SDKROOT = iphoneos;
				SWIFT_ACTIVE_COMPILATION_CONDITIONS = DEBUG;
				SWIFT_OPTIMIZATION_LEVEL = "-Onone";
			};
			name = Debug;
		};
		FC0FF644246DE4E5006616F9 /* Release */ = {
			isa = XCBuildConfiguration;
			buildSettings = {
				ALWAYS_SEARCH_USER_PATHS = NO;
				CLANG_ANALYZER_NONNULL = YES;
				CLANG_ANALYZER_NUMBER_OBJECT_CONVERSION = YES_AGGRESSIVE;
				CLANG_CXX_LANGUAGE_STANDARD = "gnu++14";
				CLANG_CXX_LIBRARY = "libc++";
				CLANG_ENABLE_MODULES = YES;
				CLANG_ENABLE_OBJC_ARC = YES;
				CLANG_ENABLE_OBJC_WEAK = YES;
				CLANG_WARN_BLOCK_CAPTURE_AUTORELEASING = YES;
				CLANG_WARN_BOOL_CONVERSION = YES;
				CLANG_WARN_COMMA = YES;
				CLANG_WARN_CONSTANT_CONVERSION = YES;
				CLANG_WARN_DEPRECATED_OBJC_IMPLEMENTATIONS = YES;
				CLANG_WARN_DIRECT_OBJC_ISA_USAGE = YES_ERROR;
				CLANG_WARN_DOCUMENTATION_COMMENTS = YES;
				CLANG_WARN_EMPTY_BODY = YES;
				CLANG_WARN_ENUM_CONVERSION = YES;
				CLANG_WARN_INFINITE_RECURSION = YES;
				CLANG_WARN_INT_CONVERSION = YES;
				CLANG_WARN_NON_LITERAL_NULL_CONVERSION = YES;
				CLANG_WARN_OBJC_IMPLICIT_RETAIN_SELF = YES;
				CLANG_WARN_OBJC_LITERAL_CONVERSION = YES;
				CLANG_WARN_OBJC_ROOT_CLASS = YES_ERROR;
				CLANG_WARN_RANGE_LOOP_ANALYSIS = YES;
				CLANG_WARN_STRICT_PROTOTYPES = YES;
				CLANG_WARN_SUSPICIOUS_MOVE = YES;
				CLANG_WARN_UNGUARDED_AVAILABILITY = YES_AGGRESSIVE;
				CLANG_WARN_UNREACHABLE_CODE = YES;
				CLANG_WARN__DUPLICATE_METHOD_MATCH = YES;
				COPY_PHASE_STRIP = NO;
				DEBUG_INFORMATION_FORMAT = "dwarf-with-dsym";
				ENABLE_NS_ASSERTIONS = NO;
				ENABLE_STRICT_OBJC_MSGSEND = YES;
				GCC_C_LANGUAGE_STANDARD = gnu11;
				GCC_NO_COMMON_BLOCKS = YES;
				GCC_WARN_64_TO_32_BIT_CONVERSION = YES;
				GCC_WARN_ABOUT_RETURN_TYPE = YES_ERROR;
				GCC_WARN_UNDECLARED_SELECTOR = YES;
				GCC_WARN_UNINITIALIZED_AUTOS = YES_AGGRESSIVE;
				GCC_WARN_UNUSED_FUNCTION = YES;
				GCC_WARN_UNUSED_VARIABLE = YES;
				IPHONEOS_DEPLOYMENT_TARGET = 13.4;
				MTL_ENABLE_DEBUG_INFO = NO;
				MTL_FAST_MATH = YES;
				SDKROOT = iphoneos;
				SWIFT_COMPILATION_MODE = wholemodule;
				SWIFT_OPTIMIZATION_LEVEL = "-O";
				VALIDATE_PRODUCT = YES;
			};
			name = Release;
		};
		FC0FF646246DE4E5006616F9 /* Debug */ = {
			isa = XCBuildConfiguration;
			buildSettings = {
				ASSETCATALOG_COMPILER_APPICON_NAME = AppIcon;
				CODE_SIGN_STYLE = Automatic;
				DEVELOPMENT_TEAM = YH7K6PQM2C;
				INFOPLIST_FILE = DrawPrizes/Info.plist;
				LD_RUNPATH_SEARCH_PATHS = (
					"$(inherited)",
					"@executable_path/Frameworks",
				);
				PRODUCT_BUNDLE_IDENTIFIER = rco.DrawPrizes;
				PRODUCT_NAME = "$(TARGET_NAME)";
				SWIFT_VERSION = 5.0;
				TARGETED_DEVICE_FAMILY = "1,2";
			};
			name = Debug;
		};
		FC0FF647246DE4E5006616F9 /* Release */ = {
			isa = XCBuildConfiguration;
			buildSettings = {
				ASSETCATALOG_COMPILER_APPICON_NAME = AppIcon;
				CODE_SIGN_STYLE = Automatic;
				DEVELOPMENT_TEAM = YH7K6PQM2C;
				INFOPLIST_FILE = DrawPrizes/Info.plist;
				LD_RUNPATH_SEARCH_PATHS = (
					"$(inherited)",
					"@executable_path/Frameworks",
				);
				PRODUCT_BUNDLE_IDENTIFIER = rco.DrawPrizes;
				PRODUCT_NAME = "$(TARGET_NAME)";
				SWIFT_VERSION = 5.0;
				TARGETED_DEVICE_FAMILY = "1,2";
			};
			name = Release;
		};
/* End XCBuildConfiguration section */

/* Begin XCConfigurationList section */
		FC0FF62C246DE4E3006616F9 /* Build configuration list for PBXProject "DrawPrizes" */ = {
			isa = XCConfigurationList;
			buildConfigurations = (
				FC0FF643246DE4E5006616F9 /* Debug */,
				FC0FF644246DE4E5006616F9 /* Release */,
			);
			defaultConfigurationIsVisible = 0;
			defaultConfigurationName = Release;
		};
		FC0FF645246DE4E5006616F9 /* Build configuration list for PBXNativeTarget "DrawPrizes" */ = {
			isa = XCConfigurationList;
			buildConfigurations = (
				FC0FF646246DE4E5006616F9 /* Debug */,
				FC0FF647246DE4E5006616F9 /* Release */,
			);
			defaultConfigurationIsVisible = 0;
			defaultConfigurationName = Release;
		};
/* End XCConfigurationList section */
	};
	rootObject = FC0FF629246DE4E3006616F9 /* Project object */;
}
